
Microsoft Visual Studio Solution File, Format Version 12.00
# Visual Studio 15
VisualStudioVersion = 15.0.27703.2042
MinimumVisualStudioVersion = 10.0.40219.1
Project("{FAE04EC0-301F-11D3-BF4B-00C04F79EFBC}") = "OpenConfigurator.Core.XmlDAL", "XmlDAL\OpenConfigurator.Core.XmlDAL.csproj", "{EA1E5CF8-314E-4D22-BC58-5CFCAE8EBB0C}"
EndProject
Project("{FAE04EC0-301F-11D3-BF4B-00C04F79EFBC}") = "OpenConfigurator.Core", "Core\OpenConfigurator.Core.csproj", "{BFF64CDC-6826-4640-BB8B-4DBB45BDD77B}"
EndProject
Project("{FAE04EC0-301F-11D3-BF4B-00C04F79EFBC}") = "OpenConfigurator.ConfigurationTool", "ConfigurationTool\OpenConfigurator.ConfigurationTool.csproj", "{CF5E8BDA-9215-479F-AEE7-3BD0F0C7484E}"
EndProject
Global
	GlobalSection(SolutionConfigurationPlatforms) = preSolution
		Debug|Any CPU = Debug|Any CPU
		Debug|x86 = Debug|x86
		Release|Any CPU = Release|Any CPU
		Release|x86 = Release|x86
	EndGlobalSection
	GlobalSection(ProjectConfigurationPlatforms) = postSolution
		{EA1E5CF8-314E-4D22-BC58-5CFCAE8EBB0C}.Debug|Any CPU.ActiveCfg = Debug|Any CPU
		{EA1E5CF8-314E-4D22-BC58-5CFCAE8EBB0C}.Debug|Any CPU.Build.0 = Debug|Any CPU
		{EA1E5CF8-314E-4D22-BC58-5CFCAE8EBB0C}.Debug|x86.ActiveCfg = Debug|Any CPU
		{EA1E5CF8-314E-4D22-BC58-5CFCAE8EBB0C}.Debug|x86.Build.0 = Debug|Any CPU
		{EA1E5CF8-314E-4D22-BC58-5CFCAE8EBB0C}.Release|Any CPU.ActiveCfg = Release|Any CPU
		{EA1E5CF8-314E-4D22-BC58-5CFCAE8EBB0C}.Release|Any CPU.Build.0 = Release|Any CPU
		{EA1E5CF8-314E-4D22-BC58-5CFCAE8EBB0C}.Release|x86.ActiveCfg = Release|x86
		{EA1E5CF8-314E-4D22-BC58-5CFCAE8EBB0C}.Release|x86.Build.0 = Release|x86
		{BFF64CDC-6826-4640-BB8B-4DBB45BDD77B}.Debug|Any CPU.ActiveCfg = Debug|Any CPU
		{BFF64CDC-6826-4640-BB8B-4DBB45BDD77B}.Debug|Any CPU.Build.0 = Debug|Any CPU
		{BFF64CDC-6826-4640-BB8B-4DBB45BDD77B}.Debug|x86.ActiveCfg = Debug|Any CPU
		{BFF64CDC-6826-4640-BB8B-4DBB45BDD77B}.Debug|x86.Build.0 = Debug|Any CPU
		{BFF64CDC-6826-4640-BB8B-4DBB45BDD77B}.Release|Any CPU.ActiveCfg = Release|Any CPU
		{BFF64CDC-6826-4640-BB8B-4DBB45BDD77B}.Release|Any CPU.Build.0 = Release|Any CPU
		{BFF64CDC-6826-4640-BB8B-4DBB45BDD77B}.Release|x86.ActiveCfg = Release|x86
		{BFF64CDC-6826-4640-BB8B-4DBB45BDD77B}.Release|x86.Build.0 = Release|x86
		{CF5E8BDA-9215-479F-AEE7-3BD0F0C7484E}.Debug|Any CPU.ActiveCfg = Debug|Any CPU
		{CF5E8BDA-9215-479F-AEE7-3BD0F0C7484E}.Debug|Any CPU.Build.0 = Debug|Any CPU
		{CF5E8BDA-9215-479F-AEE7-3BD0F0C7484E}.Debug|x86.ActiveCfg = Debug|Any CPU
		{CF5E8BDA-9215-479F-AEE7-3BD0F0C7484E}.Debug|x86.Build.0 = Debug|Any CPU
		{CF5E8BDA-9215-479F-AEE7-3BD0F0C7484E}.Release|Any CPU.ActiveCfg = Release|Any CPU
		{CF5E8BDA-9215-479F-AEE7-3BD0F0C7484E}.Release|Any CPU.Build.0 = Release|Any CPU
		{CF5E8BDA-9215-479F-AEE7-3BD0F0C7484E}.Release|x86.ActiveCfg = Release|Any CPU
		{CF5E8BDA-9215-479F-AEE7-3BD0F0C7484E}.Release|x86.Build.0 = Release|Any CPU
	EndGlobalSection
	GlobalSection(SolutionProperties) = preSolution
		HideSolutionNode = FALSE
	EndGlobalSection
	GlobalSection(ExtensibilityGlobals) = postSolution
		SolutionGuid = {D1780767-BAFC-45AE-ACD1-AA94B94257D7}
	EndGlobalSection
EndGlobal
